
Microsoft Visual Studio Solution File, Format Version 12.00
# Visual Studio Version 16
VisualStudioVersion = 16.0.31129.286
MinimumVisualStudioVersion = 10.0.40219.1
Project("{FAE04EC0-301F-11D3-BF4B-00C04F79EFBC}") = "DBCS", "DBCS\DBCS.csproj", "{129A3F78-298C-46A7-A550-4CAAADCD8D84}"
EndProject
Global
	GlobalSection(SolutionConfigurationPlatforms) = preSolution
		Debug|Any CPU = Debug|Any CPU
		Release|Any CPU = Release|Any CPU
	EndGlobalSection
	GlobalSection(ProjectConfigurationPlatforms) = postSolution
		{129A3F78-298C-46A7-A550-4CAAADCD8D84}.Debug|Any CPU.ActiveCfg = Debug|Any CPU
		{129A3F78-298C-46A7-A550-4CAAADCD8D84}.Debug|Any CPU.Build.0 = Debug|Any CPU
		{129A3F78-298C-46A7-A550-4CAAADCD8D84}.Release|Any CPU.ActiveCfg = Release|Any CPU
		{129A3F78-298C-46A7-A550-4CAAADCD8D84}.Release|Any CPU.Build.0 = Release|Any CPU
	EndGlobalSection
	GlobalSection(SolutionProperties) = preSolution
		HideSolutionNode = FALSE
	EndGlobalSection
	GlobalSection(ExtensibilityGlobals) = postSolution
		SolutionGuid = {850C3D14-C5DD-4C16-BAD5-6461077CC846}
	EndGlobalSection
EndGlobal
